
Microsoft Visual Studio Solution File, Format Version 12.00
Project("{FAE04EC0-301F-11D3-BF4B-00C04F79EFBC}") = "TenantWork", "TenantWork\TenantWork.csproj", "{FD954215-65C8-45BA-A08C-9F81D76C7255}"
EndProject
Global
	GlobalSection(SolutionConfigurationPlatforms) = preSolution
		Debug|Any CPU = Debug|Any CPU
		Release|Any CPU = Release|Any CPU
	EndGlobalSection
	GlobalSection(ProjectConfigurationPlatforms) = postSolution
		{FD954215-65C8-45BA-A08C-9F81D76C7255}.Debug|Any CPU.ActiveCfg = Debug|Any CPU
		{FD954215-65C8-45BA-A08C-9F81D76C7255}.Debug|Any CPU.Build.0 = Debug|Any CPU
		{FD954215-65C8-45BA-A08C-9F81D76C7255}.Release|Any CPU.ActiveCfg = Release|Any CPU
		{FD954215-65C8-45BA-A08C-9F81D76C7255}.Release|Any CPU.Build.0 = Release|Any CPU
	EndGlobalSection
EndGlobal
